
Microsoft Visual Studio Solution File, Format Version 12.00
# Visual Studio 15
VisualStudioVersion = 15.0.28307.329
MinimumVisualStudioVersion = 10.0.40219.1
Project("{FAE04EC0-301F-11D3-BF4B-00C04F79EFBC}") = "Frig_v2", "Frig_v2.csproj", "{F9FD68F7-450F-43C6-A93B-29D30FB23A9B}"
EndProject
Global
	GlobalSection(SolutionConfigurationPlatforms) = preSolution
		Debug|Any CPU = Debug|Any CPU
		Release|Any CPU = Release|Any CPU
	EndGlobalSection
	GlobalSection(ProjectConfigurationPlatforms) = postSolution
		{F9FD68F7-450F-43C6-A93B-29D30FB23A9B}.Debug|Any CPU.ActiveCfg = Debug|Any CPU
		{F9FD68F7-450F-43C6-A93B-29D30FB23A9B}.Debug|Any CPU.Build.0 = Debug|Any CPU
		{F9FD68F7-450F-43C6-A93B-29D30FB23A9B}.Release|Any CPU.ActiveCfg = Release|Any CPU
		{F9FD68F7-450F-43C6-A93B-29D30FB23A9B}.Release|Any CPU.Build.0 = Release|Any CPU
	EndGlobalSection
	GlobalSection(SolutionProperties) = preSolution
		HideSolutionNode = FALSE
	EndGlobalSection
	GlobalSection(ExtensibilityGlobals) = postSolution
		SolutionGuid = {510F3F93-547F-4EB5-9451-0E99ACB8EC91}
	EndGlobalSection
EndGlobal
